// !$*UTF8*$!
{
	archiveVersion = 1;
	classes = {
	};
	objectVersion = 46;
	objects = {

/* Begin PBXBuildFile section */
		19468495340EE9720B5BD29B /* Pods.framework in Frameworks */ = {isa = PBXBuildFile; fileRef = D78F151040E4F0543F87CD5B /* Pods.framework */; settings = {ATTRIBUTES = (Weak, ); }; };
		3D0950AE1BB880DC00805A29 /* SignUpViewController.swift in Sources */ = {isa = PBXBuildFile; fileRef = 3D0950AD1BB880DC00805A29 /* SignUpViewController.swift */; settings = {ASSET_TAGS = (); }; };
		3DF500C41BB74CE30042A31D /* AppDelegate.swift in Sources */ = {isa = PBXBuildFile; fileRef = 3DF500C31BB74CE30042A31D /* AppDelegate.swift */; };
		3DF500C61BB74CE30042A31D /* NFCPicksViewController.swift in Sources */ = {isa = PBXBuildFile; fileRef = 3DF500C51BB74CE30042A31D /* NFCPicksViewController.swift */; };
		3DF500C91BB74CE30042A31D /* Main.storyboard in Resources */ = {isa = PBXBuildFile; fileRef = 3DF500C71BB74CE30042A31D /* Main.storyboard */; };
		3DF500CB1BB74CE30042A31D /* Assets.xcassets in Resources */ = {isa = PBXBuildFile; fileRef = 3DF500CA1BB74CE30042A31D /* Assets.xcassets */; };
		3DF500CE1BB74CE30042A31D /* LaunchScreen.storyboard in Resources */ = {isa = PBXBuildFile; fileRef = 3DF500CC1BB74CE30042A31D /* LaunchScreen.storyboard */; };
		3DF500D91BB74CE30042A31D /* NFL_PicksTests.swift in Sources */ = {isa = PBXBuildFile; fileRef = 3DF500D81BB74CE30042A31D /* NFL_PicksTests.swift */; };
		3DF500E41BB74CE30042A31D /* NFL_PicksUITests.swift in Sources */ = {isa = PBXBuildFile; fileRef = 3DF500E31BB74CE30042A31D /* NFL_PicksUITests.swift */; };
/* End PBXBuildFile section */

/* Begin PBXContainerItemProxy section */
		3DF500D51BB74CE30042A31D /* PBXContainerItemProxy */ = {
			isa = PBXContainerItemProxy;
			containerPortal = 3DF500B81BB74CE30042A31D /* Project object */;
			proxyType = 1;
			remoteGlobalIDString = 3DF500BF1BB74CE30042A31D;
			remoteInfo = "NFL Picks";
		};
		3DF500E01BB74CE30042A31D /* PBXContainerItemProxy */ = {
			isa = PBXContainerItemProxy;
			containerPortal = 3DF500B81BB74CE30042A31D /* Project object */;
			proxyType = 1;
			remoteGlobalIDString = 3DF500BF1BB74CE30042A31D;
			remoteInfo = "NFL Picks";
		};
/* End PBXContainerItemProxy section */

/* Begin PBXFileReference section */
		17AA4EF6596204F02C4B1EBD /* Pods.debug.xcconfig */ = {isa = PBXFileReference; includeInIndex = 1; lastKnownFileType = text.xcconfig; name = Pods.debug.xcconfig; path = "Pods/Target Support Files/Pods/Pods.debug.xcconfig"; sourceTree = "<group>"; };
		3D0950AD1BB880DC00805A29 /* SignUpViewController.swift */ = {isa = PBXFileReference; fileEncoding = 4; lastKnownFileType = sourcecode.swift; path = SignUpViewController.swift; sourceTree = "<group>"; };
		3DF500C01BB74CE30042A31D /* NFL Picks.app */ = {isa = PBXFileReference; explicitFileType = wrapper.application; includeInIndex = 0; path = "NFL Picks.app"; sourceTree = BUILT_PRODUCTS_DIR; };
		3DF500C31BB74CE30042A31D /* AppDelegate.swift */ = {isa = PBXFileReference; lastKnownFileType = sourcecode.swift; path = AppDelegate.swift; sourceTree = "<group>"; };
		3DF500C51BB74CE30042A31D /* NFCPicksViewController.swift */ = {isa = PBXFileReference; lastKnownFileType = sourcecode.swift; path = NFCPicksViewController.swift; sourceTree = "<group>"; };
		3DF500C81BB74CE30042A31D /* Base */ = {isa = PBXFileReference; lastKnownFileType = file.storyboard; name = Base; path = Base.lproj/Main.storyboard; sourceTree = "<group>"; };
		3DF500CA1BB74CE30042A31D /* Assets.xcassets */ = {isa = PBXFileReference; lastKnownFileType = folder.assetcatalog; path = Assets.xcassets; sourceTree = "<group>"; };
		3DF500CD1BB74CE30042A31D /* Base */ = {isa = PBXFileReference; lastKnownFileType = file.storyboard; name = Base; path = Base.lproj/LaunchScreen.storyboard; sourceTree = "<group>"; };
		3DF500CF1BB74CE30042A31D /* Info.plist */ = {isa = PBXFileReference; lastKnownFileType = text.plist.xml; path = Info.plist; sourceTree = "<group>"; };
		3DF500D41BB74CE30042A31D /* NFL PicksTests.xctest */ = {isa = PBXFileReference; explicitFileType = wrapper.cfbundle; includeInIndex = 0; path = "NFL PicksTests.xctest"; sourceTree = BUILT_PRODUCTS_DIR; };
		3DF500D81BB74CE30042A31D /* NFL_PicksTests.swift */ = {isa = PBXFileReference; lastKnownFileType = sourcecode.swift; path = NFL_PicksTests.swift; sourceTree = "<group>"; };
		3DF500DA1BB74CE30042A31D /* Info.plist */ = {isa = PBXFileReference; lastKnownFileType = text.plist.xml; path = Info.plist; sourceTree = "<group>"; };
		3DF500DF1BB74CE30042A31D /* NFL PicksUITests.xctest */ = {isa = PBXFileReference; explicitFileType = wrapper.cfbundle; includeInIndex = 0; path = "NFL PicksUITests.xctest"; sourceTree = BUILT_PRODUCTS_DIR; };
		3DF500E31BB74CE30042A31D /* NFL_PicksUITests.swift */ = {isa = PBXFileReference; lastKnownFileType = sourcecode.swift; path = NFL_PicksUITests.swift; sourceTree = "<group>"; };
		3DF500E51BB74CE30042A31D /* Info.plist */ = {isa = PBXFileReference; lastKnownFileType = text.plist.xml; path = Info.plist; sourceTree = "<group>"; };
		5383F9AD198E6BEFE1782923 /* Pods.release.xcconfig */ = {isa = PBXFileReference; includeInIndex = 1; lastKnownFileType = text.xcconfig; name = Pods.release.xcconfig; path = "Pods/Target Support Files/Pods/Pods.release.xcconfig"; sourceTree = "<group>"; };
		D78F151040E4F0543F87CD5B /* Pods.framework */ = {isa = PBXFileReference; explicitFileType = wrapper.framework; includeInIndex = 0; path = Pods.framework; sourceTree = BUILT_PRODUCTS_DIR; };
/* End PBXFileReference section */

/* Begin PBXFrameworksBuildPhase section */
		3DF500BD1BB74CE30042A31D /* Frameworks */ = {
			isa = PBXFrameworksBuildPhase;
			buildActionMask = 2147483647;
			files = (
				19468495340EE9720B5BD29B /* Pods.framework in Frameworks */,
			);
			runOnlyForDeploymentPostprocessing = 0;
		};
		3DF500D11BB74CE30042A31D /* Frameworks */ = {
			isa = PBXFrameworksBuildPhase;
			buildActionMask = 2147483647;
			files = (
			);
			runOnlyForDeploymentPostprocessing = 0;
		};
		3DF500DC1BB74CE30042A31D /* Frameworks */ = {
			isa = PBXFrameworksBuildPhase;
			buildActionMask = 2147483647;
			files = (
			);
			runOnlyForDeploymentPostprocessing = 0;
		};
/* End PBXFrameworksBuildPhase section */

/* Begin PBXGroup section */
		3DF500B71BB74CE30042A31D = {
			isa = PBXGroup;
			children = (
				3DF500C21BB74CE30042A31D /* NFL Picks */,
				3DF500D71BB74CE30042A31D /* NFL PicksTests */,
				3DF500E21BB74CE30042A31D /* NFL PicksUITests */,
				3DF500C11BB74CE30042A31D /* Products */,
				EA7919750384F6632F1BC320 /* Pods */,
				54E7ECFB93987C365199D54F /* Frameworks */,
			);
			sourceTree = "<group>";
		};
		3DF500C11BB74CE30042A31D /* Products */ = {
			isa = PBXGroup;
			children = (
				3DF500C01BB74CE30042A31D /* NFL Picks.app */,
				3DF500D41BB74CE30042A31D /* NFL PicksTests.xctest */,
				3DF500DF1BB74CE30042A31D /* NFL PicksUITests.xctest */,
			);
			name = Products;
			sourceTree = "<group>";
		};
		3DF500C21BB74CE30042A31D /* NFL Picks */ = {
			isa = PBXGroup;
			children = (
				3DF500C31BB74CE30042A31D /* AppDelegate.swift */,
				3D0950AD1BB880DC00805A29 /* SignUpViewController.swift */,
				3DF500C51BB74CE30042A31D /* NFCPicksViewController.swift */,
				3DF500C71BB74CE30042A31D /* Main.storyboard */,
				3DF500CA1BB74CE30042A31D /* Assets.xcassets */,
				3DF500CC1BB74CE30042A31D /* LaunchScreen.storyboard */,
				3DF500CF1BB74CE30042A31D /* Info.plist */,
			);
			path = "NFL Picks";
			sourceTree = "<group>";
		};
		3DF500D71BB74CE30042A31D /* NFL PicksTests */ = {
			isa = PBXGroup;
			children = (
				3DF500D81BB74CE30042A31D /* NFL_PicksTests.swift */,
				3DF500DA1BB74CE30042A31D /* Info.plist */,
			);
			path = "NFL PicksTests";
			sourceTree = "<group>";
		};
		3DF500E21BB74CE30042A31D /* NFL PicksUITests */ = {
			isa = PBXGroup;
			children = (
				3DF500E31BB74CE30042A31D /* NFL_PicksUITests.swift */,
				3DF500E51BB74CE30042A31D /* Info.plist */,
			);
			path = "NFL PicksUITests";
			sourceTree = "<group>";
		};
		54E7ECFB93987C365199D54F /* Frameworks */ = {
			isa = PBXGroup;
			children = (
				D78F151040E4F0543F87CD5B /* Pods.framework */,
			);
			name = Frameworks;
			sourceTree = "<group>";
		};
		EA7919750384F6632F1BC320 /* Pods */ = {
			isa = PBXGroup;
			children = (
				17AA4EF6596204F02C4B1EBD /* Pods.debug.xcconfig */,
				5383F9AD198E6BEFE1782923 /* Pods.release.xcconfig */,
			);
			name = Pods;
			sourceTree = "<group>";
		};
/* End PBXGroup section */

/* Begin PBXNativeTarget section */
		3DF500BF1BB74CE30042A31D /* NFL Picks */ = {
			isa = PBXNativeTarget;
			buildConfigurationList = 3DF500E81BB74CE30042A31D /* Build configuration list for PBXNativeTarget "NFL Picks" */;
			buildPhases = (
				C97D587247404085F0065DBE /* Check Pods Manifest.lock */,
				3DF500BC1BB74CE30042A31D /* Sources */,
				3DF500BD1BB74CE30042A31D /* Frameworks */,
				3DF500BE1BB74CE30042A31D /* Resources */,
				BDEE598F431B4914D7C93000 /* Embed Pods Frameworks */,
				B49B5BDB1E0481DEB9BB44DC /* Copy Pods Resources */,
			);
			buildRules = (
			);
			dependencies = (
			);
			name = "NFL Picks";
			productName = "NFL Picks";
			productReference = 3DF500C01BB74CE30042A31D /* NFL Picks.app */;
			productType = "com.apple.product-type.application";
		};
		3DF500D31BB74CE30042A31D /* NFL PicksTests */ = {
			isa = PBXNativeTarget;
			buildConfigurationList = 3DF500EB1BB74CE30042A31D /* Build configuration list for PBXNativeTarget "NFL PicksTests" */;
			buildPhases = (
				3DF500D01BB74CE30042A31D /* Sources */,
				3DF500D11BB74CE30042A31D /* Frameworks */,
				3DF500D21BB74CE30042A31D /* Resources */,
			);
			buildRules = (
			);
			dependencies = (
				3DF500D61BB74CE30042A31D /* PBXTargetDependency */,
			);
			name = "NFL PicksTests";
			productName = "NFL PicksTests";
			productReference = 3DF500D41BB74CE30042A31D /* NFL PicksTests.xctest */;
			productType = "com.apple.product-type.bundle.unit-test";
		};
		3DF500DE1BB74CE30042A31D /* NFL PicksUITests */ = {
			isa = PBXNativeTarget;
			buildConfigurationList = 3DF500EE1BB74CE30042A31D /* Build configuration list for PBXNativeTarget "NFL PicksUITests" */;
			buildPhases = (
				3DF500DB1BB74CE30042A31D /* Sources */,
				3DF500DC1BB74CE30042A31D /* Frameworks */,
				3DF500DD1BB74CE30042A31D /* Resources */,
			);
			buildRules = (
			);
			dependencies = (
				3DF500E11BB74CE30042A31D /* PBXTargetDependency */,
			);
			name = "NFL PicksUITests";
			productName = "NFL PicksUITests";
			productReference = 3DF500DF1BB74CE30042A31D /* NFL PicksUITests.xctest */;
			productType = "com.apple.product-type.bundle.ui-testing";
		};
/* End PBXNativeTarget section */

/* Begin PBXProject section */
		3DF500B81BB74CE30042A31D /* Project object */ = {
			isa = PBXProject;
			attributes = {
				LastUpgradeCheck = 0700;
				ORGANIZATIONNAME = "William Judd";
				TargetAttributes = {
					3DF500BF1BB74CE30042A31D = {
						CreatedOnToolsVersion = 7.0;
					};
					3DF500D31BB74CE30042A31D = {
						CreatedOnToolsVersion = 7.0;
						TestTargetID = 3DF500BF1BB74CE30042A31D;
					};
					3DF500DE1BB74CE30042A31D = {
						CreatedOnToolsVersion = 7.0;
						TestTargetID = 3DF500BF1BB74CE30042A31D;
					};
				};
			};
			buildConfigurationList = 3DF500BB1BB74CE30042A31D /* Build configuration list for PBXProject "NFL Picks" */;
			compatibilityVersion = "Xcode 3.2";
			developmentRegion = English;
			hasScannedForEncodings = 0;
			knownRegions = (
				en,
				Base,
			);
			mainGroup = 3DF500B71BB74CE30042A31D;
			productRefGroup = 3DF500C11BB74CE30042A31D /* Products */;
			projectDirPath = "";
			projectRoot = "";
			targets = (
				3DF500BF1BB74CE30042A31D /* NFL Picks */,
				3DF500D31BB74CE30042A31D /* NFL PicksTests */,
				3DF500DE1BB74CE30042A31D /* NFL PicksUITests */,
			);
		};
/* End PBXProject section */

/* Begin PBXResourcesBuildPhase section */
		3DF500BE1BB74CE30042A31D /* Resources */ = {
			isa = PBXResourcesBuildPhase;
			buildActionMask = 2147483647;
			files = (
				3DF500CE1BB74CE30042A31D /* LaunchScreen.storyboard in Resources */,
				3DF500CB1BB74CE30042A31D /* Assets.xcassets in Resources */,
				3DF500C91BB74CE30042A31D /* Main.storyboard in Resources */,
			);
			runOnlyForDeploymentPostprocessing = 0;
		};
		3DF500D21BB74CE30042A31D /* Resources */ = {
			isa = PBXResourcesBuildPhase;
			buildActionMask = 2147483647;
			files = (
			);
			runOnlyForDeploymentPostprocessing = 0;
		};
		3DF500DD1BB74CE30042A31D /* Resources */ = {
			isa = PBXResourcesBuildPhase;
			buildActionMask = 2147483647;
			files = (
			);
			runOnlyForDeploymentPostprocessing = 0;
		};
/* End PBXResourcesBuildPhase section */

/* Begin PBXShellScriptBuildPhase section */
		B49B5BDB1E0481DEB9BB44DC /* Copy Pods Resources */ = {
			isa = PBXShellScriptBuildPhase;
			buildActionMask = 2147483647;
			files = (
			);
			inputPaths = (
			);
			name = "Copy Pods Resources";
			outputPaths = (
			);
			runOnlyForDeploymentPostprocessing = 0;
			shellPath = /bin/sh;
			shellScript = "\"${SRCROOT}/Pods/Target Support Files/Pods/Pods-resources.sh\"\n";
			showEnvVarsInLog = 0;
		};
		BDEE598F431B4914D7C93000 /* Embed Pods Frameworks */ = {
			isa = PBXShellScriptBuildPhase;
			buildActionMask = 2147483647;
			files = (
			);
			inputPaths = (
			);
			name = "Embed Pods Frameworks";
			outputPaths = (
			);
			runOnlyForDeploymentPostprocessing = 0;
			shellPath = /bin/sh;
			shellScript = "\"${SRCROOT}/Pods/Target Support Files/Pods/Pods-frameworks.sh\"\n";
			showEnvVarsInLog = 0;
		};
		C97D587247404085F0065DBE /* Check Pods Manifest.lock */ = {
			isa = PBXShellScriptBuildPhase;
			buildActionMask = 2147483647;
			files = (
			);
			inputPaths = (
			);
			name = "Check Pods Manifest.lock";
			outputPaths = (
			);
			runOnlyForDeploymentPostprocessing = 0;
			shellPath = /bin/sh;
			shellScript = "diff \"${PODS_ROOT}/../Podfile.lock\" \"${PODS_ROOT}/Manifest.lock\" > /dev/null\nif [[ $? != 0 ]] ; then\n    cat << EOM\nerror: The sandbox is not in sync with the Podfile.lock. Run 'pod install' or update your CocoaPods installation.\nEOM\n    exit 1\nfi\n";
			showEnvVarsInLog = 0;
		};
/* End PBXShellScriptBuildPhase section */

/* Begin PBXSourcesBuildPhase section */
		3DF500BC1BB74CE30042A31D /* Sources */ = {
			isa = PBXSourcesBuildPhase;
			buildActionMask = 2147483647;
			files = (
				3D0950AE1BB880DC00805A29 /* SignUpViewController.swift in Sources */,
				3DF500C61BB74CE30042A31D /* NFCPicksViewController.swift in Sources */,
				3DF500C41BB74CE30042A31D /* AppDelegate.swift in Sources */,
			);
			runOnlyForDeploymentPostprocessing = 0;
		};
		3DF500D01BB74CE30042A31D /* Sources */ = {
			isa = PBXSourcesBuildPhase;
			buildActionMask = 2147483647;
			files = (
				3DF500D91BB74CE30042A31D /* NFL_PicksTests.swift in Sources */,
			);
			runOnlyForDeploymentPostprocessing = 0;
		};
		3DF500DB1BB74CE30042A31D /* Sources */ = {
			isa = PBXSourcesBuildPhase;
			buildActionMask = 2147483647;
			files = (
				3DF500E41BB74CE30042A31D /* NFL_PicksUITests.swift in Sources */,
			);
			runOnlyForDeploymentPostprocessing = 0;
		};
/* End PBXSourcesBuildPhase section */

/* Begin PBXTargetDependency section */
		3DF500D61BB74CE30042A31D /* PBXTargetDependency */ = {
			isa = PBXTargetDependency;
			target = 3DF500BF1BB74CE30042A31D /* NFL Picks */;
			targetProxy = 3DF500D51BB74CE30042A31D /* PBXContainerItemProxy */;
		};
		3DF500E11BB74CE30042A31D /* PBXTargetDependency */ = {
			isa = PBXTargetDependency;
			target = 3DF500BF1BB74CE30042A31D /* NFL Picks */;
			targetProxy = 3DF500E01BB74CE30042A31D /* PBXContainerItemProxy */;
		};
/* End PBXTargetDependency section */

/* Begin PBXVariantGroup section */
		3DF500C71BB74CE30042A31D /* Main.storyboard */ = {
			isa = PBXVariantGroup;
			children = (
				3DF500C81BB74CE30042A31D /* Base */,
			);
			name = Main.storyboard;
			sourceTree = "<group>";
		};
		3DF500CC1BB74CE30042A31D /* LaunchScreen.storyboard */ = {
			isa = PBXVariantGroup;
			children = (
				3DF500CD1BB74CE30042A31D /* Base */,
			);
			name = LaunchScreen.storyboard;
			sourceTree = "<group>";
		};
/* End PBXVariantGroup section */

/* Begin XCBuildConfiguration section */
		3DF500E61BB74CE30042A31D /* Debug */ = {
			isa = XCBuildConfiguration;
			buildSettings = {
				ALWAYS_SEARCH_USER_PATHS = NO;
				CLANG_CXX_LANGUAGE_STANDARD = "gnu++0x";
				CLANG_CXX_LIBRARY = "libc++";
				CLANG_ENABLE_MODULES = YES;
				CLANG_ENABLE_OBJC_ARC = YES;
				CLANG_WARN_BOOL_CONVERSION = YES;
				CLANG_WARN_CONSTANT_CONVERSION = YES;
				CLANG_WARN_DIRECT_OBJC_ISA_USAGE = YES_ERROR;
				CLANG_WARN_EMPTY_BODY = YES;
				CLANG_WARN_ENUM_CONVERSION = YES;
				CLANG_WARN_INT_CONVERSION = YES;
				CLANG_WARN_OBJC_ROOT_CLASS = YES_ERROR;
				CLANG_WARN_UNREACHABLE_CODE = YES;
				CLANG_WARN__DUPLICATE_METHOD_MATCH = YES;
				"CODE_SIGN_IDENTITY[sdk=iphoneos*]" = "iPhone Developer";
				COPY_PHASE_STRIP = NO;
				DEBUG_INFORMATION_FORMAT = dwarf;
				ENABLE_STRICT_OBJC_MSGSEND = YES;
				ENABLE_TESTABILITY = YES;
				GCC_C_LANGUAGE_STANDARD = gnu99;
				GCC_DYNAMIC_NO_PIC = NO;
				GCC_NO_COMMON_BLOCKS = YES;
				GCC_OPTIMIZATION_LEVEL = 0;
				GCC_PREPROCESSOR_DEFINITIONS = (
					"DEBUG=1",
					"$(inherited)",
				);
				GCC_WARN_64_TO_32_BIT_CONVERSION = YES;
				GCC_WARN_ABOUT_RETURN_TYPE = YES_ERROR;
				GCC_WARN_UNDECLARED_SELECTOR = YES;
				GCC_WARN_UNINITIALIZED_AUTOS = YES_AGGRESSIVE;
				GCC_WARN_UNUSED_FUNCTION = YES;
				GCC_WARN_UNUSED_VARIABLE = YES;
				IPHONEOS_DEPLOYMENT_TARGET = 9.0;
				MTL_ENABLE_DEBUG_INFO = YES;
				ONLY_ACTIVE_ARCH = YES;
				SDKROOT = iphoneos;
				SWIFT_OPTIMIZATION_LEVEL = "-Onone";
				TARGETED_DEVICE_FAMILY = 2;
			};
			name = Debug;
		};
		3DF500E71BB74CE30042A31D /* Release */ = {
			isa = XCBuildConfiguration;
			buildSettings = {
				ALWAYS_SEARCH_USER_PATHS = NO;
				CLANG_CXX_LANGUAGE_STANDARD = "gnu++0x";
				CLANG_CXX_LIBRARY = "libc++";
				CLANG_ENABLE_MODULES = YES;
				CLANG_ENABLE_OBJC_ARC = YES;
				CLANG_WARN_BOOL_CONVERSION = YES;
				CLANG_WARN_CONSTANT_CONVERSION = YES;
				CLANG_WARN_DIRECT_OBJC_ISA_USAGE = YES_ERROR;
				CLANG_WARN_EMPTY_BODY = YES;
				CLANG_WARN_ENUM_CONVERSION = YES;
				CLANG_WARN_INT_CONVERSION = YES;
				CLANG_WARN_OBJC_ROOT_CLASS = YES_ERROR;
				CLANG_WARN_UNREACHABLE_CODE = YES;
				CLANG_WARN__DUPLICATE_METHOD_MATCH = YES;
				"CODE_SIGN_IDENTITY[sdk=iphoneos*]" = "iPhone Developer";
				COPY_PHASE_STRIP = NO;
				DEBUG_INFORMATION_FORMAT = "dwarf-with-dsym";
				ENABLE_NS_ASSERTIONS = NO;
				ENABLE_STRICT_OBJC_MSGSEND = YES;
				GCC_C_LANGUAGE_STANDARD = gnu99;
				GCC_NO_COMMON_BLOCKS = YES;
				GCC_WARN_64_TO_32_BIT_CONVERSION = YES;
				GCC_WARN_ABOUT_RETURN_TYPE = YES_ERROR;
				GCC_WARN_UNDECLARED_SELECTOR = YES;
				GCC_WARN_UNINITIALIZED_AUTOS = YES_AGGRESSIVE;
				GCC_WARN_UNUSED_FUNCTION = YES;
				GCC_WARN_UNUSED_VARIABLE = YES;
				IPHONEOS_DEPLOYMENT_TARGET = 9.0;
				MTL_ENABLE_DEBUG_INFO = NO;
				SDKROOT = iphoneos;
				TARGETED_DEVICE_FAMILY = 2;
				VALIDATE_PRODUCT = YES;
			};
			name = Release;
		};
		3DF500E91BB74CE30042A31D /* Debug */ = {
			isa = XCBuildConfiguration;
			baseConfigurationReference = 17AA4EF6596204F02C4B1EBD /* Pods.debug.xcconfig */;
			buildSettings = {
				ASSETCATALOG_COMPILER_APPICON_NAME = AppIcon;
				INFOPLIST_FILE = "NFL Picks/Info.plist";
				LD_RUNPATH_SEARCH_PATHS = "$(inherited) @executable_path/Frameworks";
				PRODUCT_BUNDLE_IDENTIFIER = "Think-Jinues.NFL-Picks";
				PRODUCT_NAME = "$(TARGET_NAME)";
			};
			name = Debug;
		};
		3DF500EA1BB74CE30042A31D /* Release */ = {
			isa = XCBuildConfiguration;
			baseConfigurationReference = 5383F9AD198E6BEFE1782923 /* Pods.release.xcconfig */;
			buildSettings = {
				ASSETCATALOG_COMPILER_APPICON_NAME = AppIcon;
				INFOPLIST_FILE = "NFL Picks/Info.plist";
				LD_RUNPATH_SEARCH_PATHS = "$(inherited) @executable_path/Frameworks";
				PRODUCT_BUNDLE_IDENTIFIER = "Think-Jinues.NFL-Picks";
				PRODUCT_NAME = "$(TARGET_NAME)";
			};
			name = Release;
		};
		3DF500EC1BB74CE30042A31D /* Debug */ = {
			isa = XCBuildConfiguration;
			buildSettings = {
				BUNDLE_LOADER = "$(TEST_HOST)";
				INFOPLIST_FILE = "NFL PicksTests/Info.plist";
				LD_RUNPATH_SEARCH_PATHS = "$(inherited) @executable_path/Frameworks @loader_path/Frameworks";
				PRODUCT_BUNDLE_IDENTIFIER = "Think-Jinues.NFL-PicksTests";
				PRODUCT_NAME = "$(TARGET_NAME)";
				TEST_HOST = "$(BUILT_PRODUCTS_DIR)/NFL Picks.app/NFL Picks";
			};
			name = Debug;
		};
		3DF500ED1BB74CE30042A31D /* Release */ = {
			isa = XCBuildConfiguration;
			buildSettings = {
				BUNDLE_LOADER = "$(TEST_HOST)";
				INFOPLIST_FILE = "NFL PicksTests/Info.plist";
				LD_RUNPATH_SEARCH_PATHS = "$(inherited) @executable_path/Frameworks @loader_path/Frameworks";
				PRODUCT_BUNDLE_IDENTIFIER = "Think-Jinues.NFL-PicksTests";
				PRODUCT_NAME = "$(TARGET_NAME)";
				TEST_HOST = "$(BUILT_PRODUCTS_DIR)/NFL Picks.app/NFL Picks";
			};
			name = Release;
		};
		3DF500EF1BB74CE30042A31D /* Debug */ = {
			isa = XCBuildConfiguration;
			buildSettings = {
				INFOPLIST_FILE = "NFL PicksUITests/Info.plist";
				LD_RUNPATH_SEARCH_PATHS = "$(inherited) @executable_path/Frameworks @loader_path/Frameworks";
				PRODUCT_BUNDLE_IDENTIFIER = "Think-Jinues.NFL-PicksUITests";
				PRODUCT_NAME = "$(TARGET_NAME)";
				TEST_TARGET_NAME = "NFL Picks";
				USES_XCTRUNNER = YES;
			};
			name = Debug;
		};
		3DF500F01BB74CE30042A31D /* Release */ = {
			isa = XCBuildConfiguration;
			buildSettings = {
				INFOPLIST_FILE = "NFL PicksUITests/Info.plist";
				LD_RUNPATH_SEARCH_PATHS = "$(inherited) @executable_path/Frameworks @loader_path/Frameworks";
				PRODUCT_BUNDLE_IDENTIFIER = "Think-Jinues.NFL-PicksUITests";
				PRODUCT_NAME = "$(TARGET_NAME)";
				TEST_TARGET_NAME = "NFL Picks";
				USES_XCTRUNNER = YES;
			};
			name = Release;
		};
/* End XCBuildConfiguration section */

/* Begin XCConfigurationList section */
		3DF500BB1BB74CE30042A31D /* Build configuration list for PBXProject "NFL Picks" */ = {
			isa = XCConfigurationList;
			buildConfigurations = (
				3DF500E61BB74CE30042A31D /* Debug */,
				3DF500E71BB74CE30042A31D /* Release */,
			);
			defaultConfigurationIsVisible = 0;
			defaultConfigurationName = Release;
		};
		3DF500E81BB74CE30042A31D /* Build configuration list for PBXNativeTarget "NFL Picks" */ = {
			isa = XCConfigurationList;
			buildConfigurations = (
				3DF500E91BB74CE30042A31D /* Debug */,
				3DF500EA1BB74CE30042A31D /* Release */,
			);
			defaultConfigurationIsVisible = 0;
			defaultConfigurationName = Release;
		};
		3DF500EB1BB74CE30042A31D /* Build configuration list for PBXNativeTarget "NFL PicksTests" */ = {
			isa = XCConfigurationList;
			buildConfigurations = (
				3DF500EC1BB74CE30042A31D /* Debug */,
				3DF500ED1BB74CE30042A31D /* Release */,
			);
			defaultConfigurationIsVisible = 0;
			defaultConfigurationName = Release;
		};
		3DF500EE1BB74CE30042A31D /* Build configuration list for PBXNativeTarget "NFL PicksUITests" */ = {
			isa = XCConfigurationList;
			buildConfigurations = (
				3DF500EF1BB74CE30042A31D /* Debug */,
				3DF500F01BB74CE30042A31D /* Release */,
			);
			defaultConfigurationIsVisible = 0;
			defaultConfigurationName = Release;
		};
/* End XCConfigurationList section */
	};
	rootObject = 3DF500B81BB74CE30042A31D /* Project object */;
}
